hash: 65add28d44e307f81fb8f7527d351e558dceaefe928f1b5976e37564bb7ce44a
updated: 2016-05-06T22:35:40.218326649+02:00
imports:
- name: github.com/codegangsta/cli
  version: 75b97d09d9f5792ff997e249a330a3ca28f8b537
- name: github.com/go-yaml/yaml
  version: a83829b6f1293c91addabc89d0571c246397bbf4
- name: github.com/gorilla/mux
  version: 9c19ed558d5df4da88e2ade9c8940d742aef0e7e
- name: github.com/hpcloud/tail
  version: a30252cb686a21eb2d0b98132633053ec2f7f1e5
  subpackages:
  - ratelimiter
  - util
  - watch
  - winfile
- name: gopkg.in/fsnotify.v1
  version: 7be54206639f256967dd82fa767397ba5f8f48f5
- name: gopkg.in/tomb.v1
  version: c131134a1947e9afd9cecfe11f4c6dff0732ae58
- name: gopkg.in/yaml.v2
  version: a83829b6f1293c91addabc89d0571c246397bbf4
devImports: []
